
Microsoft Visual Studio Solution File, Format Version 12.00
# Visual Studio Version 17
VisualStudioVersion = 17.0.31903.59
MinimumVisualStudioVersion = 10.0.40219.1
Project("{FAE04EC0-301F-11D3-BF4B-00C04F79EFBC}") = "MyPersonalTool", "MyPersonalTool\MyPersonalTool.csproj", "{8114F417-9B4C-4FDD-93C7-8F5F6A52F047}"
EndProject
Project("{FAE04EC0-301F-11D3-BF4B-00C04F79EFBC}") = "MyPersonalTool.Core", "MyPersonalTool.Core\MyPersonalTool.Core.csproj", "{D764603B-2FE7-4982-9540-5AC3CB4A9576}"
EndProject
Project("{FAE04EC0-301F-11D3-BF4B-00C04F79EFBC}") = "MyPersonalTool.Services", "MyPersonalTool.Services\MyPersonalTool.Services.csproj", "{D6BE0C95-7ED0-47D0-8FDA-850E33A031FF}"
EndProject
Project("{FAE04EC0-301F-11D3-BF4B-00C04F79EFBC}") = "MyPersonalTool.ViewModels", "MyPersonalTool.ViewModels\MyPersonalTool.ViewModels.csproj", "{73377596-4476-4A9B-BDE6-F15D11541CE2}"
EndProject
Project("{FAE04EC0-301F-11D3-BF4B-00C04F79EFBC}") = "MyPersonalTool.Sdk", "MyPersonalTool.Sdk\MyPersonalTool.Sdk.csproj", "{A09BF8CC-10DE-4B95-948A-CA392EE62284}"
EndProject
Project("{FAE04EC0-301F-11D3-BF4B-00C04F79EFBC}") = "SamplePlugin", "Plugins\SamplePlugin\SamplePlugin.csproj", "{D10AC207-6278-4123-9A29-46BEBA5E9537}"
EndProject
Project("{FAE04EC0-301F-11D3-BF4B-00C04F79EFBC}") = "DeepSeekPlugin", "Plugins\DeepSeekPlugin\DeepSeekPlugin.csproj", "{8AF3CCFC-82C7-4DD9-8C19-8954A6067551}"
EndProject
Global
	GlobalSection(SolutionConfigurationPlatforms) = preSolution
		Debug|Any CPU = Debug|Any CPU
		Debug|x64 = Debug|x64
		Debug|x86 = Debug|x86
		Release|Any CPU = Release|Any CPU
		Release|x64 = Release|x64
		Release|x86 = Release|x86
	EndGlobalSection
	GlobalSection(ProjectConfigurationPlatforms) = postSolution
		{8114F417-9B4C-4FDD-93C7-8F5F6A52F047}.Debug|Any CPU.ActiveCfg = Debug|Any CPU
		{8114F417-9B4C-4FDD-93C7-8F5F6A52F047}.Debug|Any CPU.Build.0 = Debug|Any CPU
		{8114F417-9B4C-4FDD-93C7-8F5F6A52F047}.Debug|x64.ActiveCfg = Debug|Any CPU
		{8114F417-9B4C-4FDD-93C7-8F5F6A52F047}.Debug|x64.Build.0 = Debug|Any CPU
		{8114F417-9B4C-4FDD-93C7-8F5F6A52F047}.Debug|x86.ActiveCfg = Debug|Any CPU
		{8114F417-9B4C-4FDD-93C7-8F5F6A52F047}.Debug|x86.Build.0 = Debug|Any CPU
		{8114F417-9B4C-4FDD-93C7-8F5F6A52F047}.Release|Any CPU.ActiveCfg = Release|Any CPU
		{8114F417-9B4C-4FDD-93C7-8F5F6A52F047}.Release|Any CPU.Build.0 = Release|Any CPU
		{8114F417-9B4C-4FDD-93C7-8F5F6A52F047}.Release|x64.ActiveCfg = Release|Any CPU
		{8114F417-9B4C-4FDD-93C7-8F5F6A52F047}.Release|x64.Build.0 = Release|Any CPU
		{8114F417-9B4C-4FDD-93C7-8F5F6A52F047}.Release|x86.ActiveCfg = Release|Any CPU
		{8114F417-9B4C-4FDD-93C7-8F5F6A52F047}.Release|x86.Build.0 = Release|Any CPU
		{D764603B-2FE7-4982-9540-5AC3CB4A9576}.Debug|Any CPU.ActiveCfg = Debug|Any CPU
		{D764603B-2FE7-4982-9540-5AC3CB4A9576}.Debug|Any CPU.Build.0 = Debug|Any CPU
		{D764603B-2FE7-4982-9540-5AC3CB4A9576}.Debug|x64.ActiveCfg = Debug|Any CPU
		{D764603B-2FE7-4982-9540-5AC3CB4A9576}.Debug|x64.Build.0 = Debug|Any CPU
		{D764603B-2FE7-4982-9540-5AC3CB4A9576}.Debug|x86.ActiveCfg = Debug|Any CPU
		{D764603B-2FE7-4982-9540-5AC3CB4A9576}.Debug|x86.Build.0 = Debug|Any CPU
		{D764603B-2FE7-4982-9540-5AC3CB4A9576}.Release|Any CPU.ActiveCfg = Release|Any CPU
		{D764603B-2FE7-4982-9540-5AC3CB4A9576}.Release|Any CPU.Build.0 = Release|Any CPU
		{D764603B-2FE7-4982-9540-5AC3CB4A9576}.Release|x64.ActiveCfg = Release|Any CPU
		{D764603B-2FE7-4982-9540-5AC3CB4A9576}.Release|x64.Build.0 = Release|Any CPU
		{D764603B-2FE7-4982-9540-5AC3CB4A9576}.Release|x86.ActiveCfg = Release|Any CPU
		{D764603B-2FE7-4982-9540-5AC3CB4A9576}.Release|x86.Build.0 = Release|Any CPU
		{D6BE0C95-7ED0-47D0-8FDA-850E33A031FF}.Debug|Any CPU.ActiveCfg = Debug|Any CPU
		{D6BE0C95-7ED0-47D0-8FDA-850E33A031FF}.Debug|Any CPU.Build.0 = Debug|Any CPU
		{D6BE0C95-7ED0-47D0-8FDA-850E33A031FF}.Debug|x64.ActiveCfg = Debug|Any CPU
		{D6BE0C95-7ED0-47D0-8FDA-850E33A031FF}.Debug|x64.Build.0 = Debug|Any CPU
		{D6BE0C95-7ED0-47D0-8FDA-850E33A031FF}.Debug|x86.ActiveCfg = Debug|Any CPU
		{D6BE0C95-7ED0-47D0-8FDA-850E33A031FF}.Debug|x86.Build.0 = Debug|Any CPU
		{D6BE0C95-7ED0-47D0-8FDA-850E33A031FF}.Release|Any CPU.ActiveCfg = Release|Any CPU
		{D6BE0C95-7ED0-47D0-8FDA-850E33A031FF}.Release|Any CPU.Build.0 = Release|Any CPU
		{D6BE0C95-7ED0-47D0-8FDA-850E33A031FF}.Release|x64.ActiveCfg = Release|Any CPU
		{D6BE0C95-7ED0-47D0-8FDA-850E33A031FF}.Release|x64.Build.0 = Release|Any CPU
		{D6BE0C95-7ED0-47D0-8FDA-850E33A031FF}.Release|x86.ActiveCfg = Release|Any CPU
		{D6BE0C95-7ED0-47D0-8FDA-850E33A031FF}.Release|x86.Build.0 = Release|Any CPU
		{73377596-4476-4A9B-BDE6-F15D11541CE2}.Debug|Any CPU.ActiveCfg = Debug|Any CPU
		{73377596-4476-4A9B-BDE6-F15D11541CE2}.Debug|Any CPU.Build.0 = Debug|Any CPU
		{73377596-4476-4A9B-BDE6-F15D11541CE2}.Debug|x64.ActiveCfg = Debug|Any CPU
		{73377596-4476-4A9B-BDE6-F15D11541CE2}.Debug|x64.Build.0 = Debug|Any CPU
		{73377596-4476-4A9B-BDE6-F15D11541CE2}.Debug|x86.ActiveCfg = Debug|Any CPU
		{73377596-4476-4A9B-BDE6-F15D11541CE2}.Debug|x86.Build.0 = Debug|Any CPU
		{73377596-4476-4A9B-BDE6-F15D11541CE2}.Release|Any CPU.ActiveCfg = Release|Any CPU
		{73377596-4476-4A9B-BDE6-F15D11541CE2}.Release|Any CPU.Build.0 = Release|Any CPU
		{73377596-4476-4A9B-BDE6-F15D11541CE2}.Release|x64.ActiveCfg = Release|Any CPU
		{73377596-4476-4A9B-BDE6-F15D11541CE2}.Release|x64.Build.0 = Release|Any CPU
		{73377596-4476-4A9B-BDE6-F15D11541CE2}.Release|x86.ActiveCfg = Release|Any CPU
		{73377596-4476-4A9B-BDE6-F15D11541CE2}.Release|x86.Build.0 = Release|Any CPU
		{A09BF8CC-10DE-4B95-948A-CA392EE62284}.Debug|Any CPU.ActiveCfg = Debug|Any CPU
		{A09BF8CC-10DE-4B95-948A-CA392EE62284}.Debug|Any CPU.Build.0 = Debug|Any CPU
		{A09BF8CC-10DE-4B95-948A-CA392EE62284}.Debug|x64.ActiveCfg = Debug|Any CPU
		{A09BF8CC-10DE-4B95-948A-CA392EE62284}.Debug|x64.Build.0 = Debug|Any CPU
		{A09BF8CC-10DE-4B95-948A-CA392EE62284}.Debug|x86.ActiveCfg = Debug|Any CPU
		{A09BF8CC-10DE-4B95-948A-CA392EE62284}.Debug|x86.Build.0 = Debug|Any CPU
		{A09BF8CC-10DE-4B95-948A-CA392EE62284}.Release|Any CPU.ActiveCfg = Release|Any CPU
		{A09BF8CC-10DE-4B95-948A-CA392EE62284}.Release|Any CPU.Build.0 = Release|Any CPU
		{A09BF8CC-10DE-4B95-948A-CA392EE62284}.Release|x64.ActiveCfg = Release|Any CPU
		{A09BF8CC-10DE-4B95-948A-CA392EE62284}.Release|x64.Build.0 = Release|Any CPU
		{A09BF8CC-10DE-4B95-948A-CA392EE62284}.Release|x86.ActiveCfg = Release|Any CPU
		{A09BF8CC-10DE-4B95-948A-CA392EE62284}.Release|x86.Build.0 = Release|Any CPU
		{D10AC207-6278-4123-9A29-46BEBA5E9537}.Debug|Any CPU.ActiveCfg = Debug|Any CPU
		{D10AC207-6278-4123-9A29-46BEBA5E9537}.Debug|Any CPU.Build.0 = Debug|Any CPU
		{D10AC207-6278-4123-9A29-46BEBA5E9537}.Debug|x64.ActiveCfg = Debug|Any CPU
		{D10AC207-6278-4123-9A29-46BEBA5E9537}.Debug|x64.Build.0 = Debug|Any CPU
		{D10AC207-6278-4123-9A29-46BEBA5E9537}.Debug|x86.ActiveCfg = Debug|Any CPU
		{D10AC207-6278-4123-9A29-46BEBA5E9537}.Debug|x86.Build.0 = Debug|Any CPU
		{D10AC207-6278-4123-9A29-46BEBA5E9537}.Release|Any CPU.ActiveCfg = Release|Any CPU
		{D10AC207-6278-4123-9A29-46BEBA5E9537}.Release|Any CPU.Build.0 = Release|Any CPU
		{D10AC207-6278-4123-9A29-46BEBA5E9537}.Release|x64.ActiveCfg = Release|Any CPU
		{D10AC207-6278-4123-9A29-46BEBA5E9537}.Release|x64.Build.0 = Release|Any CPU
		{D10AC207-6278-4123-9A29-46BEBA5E9537}.Release|x86.ActiveCfg = Release|Any CPU
		{D10AC207-6278-4123-9A29-46BEBA5E9537}.Release|x86.Build.0 = Release|Any CPU
		{8AF3CCFC-82C7-4DD9-8C19-8954A6067551}.Debug|Any CPU.ActiveCfg = Debug|Any CPU
		{8AF3CCFC-82C7-4DD9-8C19-8954A6067551}.Debug|Any CPU.Build.0 = Debug|Any CPU
		{8AF3CCFC-82C7-4DD9-8C19-8954A6067551}.Debug|x64.ActiveCfg = Debug|Any CPU
		{8AF3CCFC-82C7-4DD9-8C19-8954A6067551}.Debug|x64.Build.0 = Debug|Any CPU
		{8AF3CCFC-82C7-4DD9-8C19-8954A6067551}.Debug|x86.ActiveCfg = Debug|Any CPU
		{8AF3CCFC-82C7-4DD9-8C19-8954A6067551}.Debug|x86.Build.0 = Debug|Any CPU
		{8AF3CCFC-82C7-4DD9-8C19-8954A6067551}.Release|Any CPU.ActiveCfg = Release|Any CPU
		{8AF3CCFC-82C7-4DD9-8C19-8954A6067551}.Release|Any CPU.Build.0 = Release|Any CPU
		{8AF3CCFC-82C7-4DD9-8C19-8954A6067551}.Release|x64.ActiveCfg = Release|Any CPU
		{8AF3CCFC-82C7-4DD9-8C19-8954A6067551}.Release|x64.Build.0 = Release|Any CPU
		{8AF3CCFC-82C7-4DD9-8C19-8954A6067551}.Release|x86.ActiveCfg = Release|Any CPU
		{8AF3CCFC-82C7-4DD9-8C19-8954A6067551}.Release|x86.Build.0 = Release|Any CPU
	EndGlobalSection
	GlobalSection(SolutionProperties) = preSolution
		HideSolutionNode = FALSE
	EndGlobalSection
EndGlobal
